
Microsoft Visual Studio Solution File, Format Version 12.00
# Visual Studio Version 17
VisualStudioVersion = 17.0.31919.166
MinimumVisualStudioVersion = 10.0.40219.1
Project("{2150E333-8FDC-42A3-9474-1A3956D46DE8}") = "Services", "Services", "{70B705F1-69C9-4CF6-BCC6-E2BE2FA65682}"
EndProject
Project("{2150E333-8FDC-42A3-9474-1A3956D46DE8}") = "Catalog", "Catalog", "{1E895DE0-885D-4050-A0E6-44BAF98599C1}"
EndProject
Project("{9A19103F-16F7-4668-BE54-9A1E7A4F7556}") = "Catalog.API", "Services\Catalog\Catalog.API\Catalog.API.csproj", "{5B711FBB-E797-4700-AECB-9BCF67174760}"
EndProject
Project("{E53339B2-1760-4266-BCC7-CA923CBCF16C}") = "docker-compose", "docker-compose.dcproj", "{A56B575D-AEDB-441C-9E34-543390526F99}"
EndProject
Global
	GlobalSection(SolutionConfigurationPlatforms) = preSolution
		Debug|Any CPU = Debug|Any CPU
		Release|Any CPU = Release|Any CPU
	EndGlobalSection
	GlobalSection(ProjectConfigurationPlatforms) = postSolution
		{5B711FBB-E797-4700-AECB-9BCF67174760}.Debug|Any CPU.ActiveCfg = Debug|Any CPU
		{5B711FBB-E797-4700-AECB-9BCF67174760}.Debug|Any CPU.Build.0 = Debug|Any CPU
		{5B711FBB-E797-4700-AECB-9BCF67174760}.Release|Any CPU.ActiveCfg = Release|Any CPU
		{5B711FBB-E797-4700-AECB-9BCF67174760}.Release|Any CPU.Build.0 = Release|Any CPU
		{A56B575D-AEDB-441C-9E34-543390526F99}.Debug|Any CPU.ActiveCfg = Debug|Any CPU
		{A56B575D-AEDB-441C-9E34-543390526F99}.Debug|Any CPU.Build.0 = Debug|Any CPU
		{A56B575D-AEDB-441C-9E34-543390526F99}.Release|Any CPU.ActiveCfg = Release|Any CPU
		{A56B575D-AEDB-441C-9E34-543390526F99}.Release|Any CPU.Build.0 = Release|Any CPU
	EndGlobalSection
	GlobalSection(SolutionProperties) = preSolution
		HideSolutionNode = FALSE
	EndGlobalSection
	GlobalSection(NestedProjects) = preSolution
		{1E895DE0-885D-4050-A0E6-44BAF98599C1} = {70B705F1-69C9-4CF6-BCC6-E2BE2FA65682}
		{5B711FBB-E797-4700-AECB-9BCF67174760} = {1E895DE0-885D-4050-A0E6-44BAF98599C1}
	EndGlobalSection
	GlobalSection(ExtensibilityGlobals) = postSolution
		SolutionGuid = {86081C66-6E69-4491-B06F-37D46FDFF506}
	EndGlobalSection
EndGlobal
